<?xml version="1.0" encoding="utf-8"?>
<Project ToolsVersion="4.0" xmlns="http://schemas.microsoft.com/developer/msbuild/2003">
  <ItemGroup>
    <Filter Include="Source Files">
      <UniqueIdentifier>{4FC737F1-C7A5-4376-A066-2A32D752A2FF}</UniqueIdentifier>
      <Extensions>cpp;c;cc;cxx;c++;cppm;ixx;def;odl;idl;hpj;bat;asm;asmx</Extensions>
    </Filter>
    <Filter Include="Header Files">
      <UniqueIdentifier>{93995380-89BD-4b04-88EB-625FBE52EBFB}</UniqueIdentifier>
      <Extensions>h;hh;hpp;hxx;h++;hm;inl;inc;ipp;xsd</Extensions>
    </Filter>
    <Filter Include="Header Files\State">
      <UniqueIdentifier>{9a94be51-a4da-4289-9632-e9cf255fa1d2}</UniqueIdentifier>
    </Filter>
    <Filter Include="Header Files\Resource">
      <UniqueIdentifier>{e1d75e56-88e8-4d86-abf9-9ab1b52f9399}</UniqueIdentifier>
    </Filter>
    <Filter Include="Resource Files">
      <UniqueIdentifier>{67DA6AB6-F800-4c08-8B7A-83BB121AAD01}</UniqueIdentifier>
      <Extensions>rc;ico;cur;bmp;dlg;rc2;rct;bin;rgs;gif;jpg;jpeg;jpe;resx;tiff;tif;png;wav;mfcribbon-ms</Extensions>
    </Filter>
    <Filter Include="Header Files\Entity">
      <UniqueIdentifier>{f21f22ba-d9cf-4c87-aae7-e77b8c93fd20}</UniqueIdentifier>
    </Filter>
    <Filter Include="Source Files\Entity">
      <UniqueIdentifier>{719d1e10-2763-47c9-b67f-0bd82f718eeb}</UniqueIdentifier>
    </Filter>
    <Filter Include="Source Files\Resource">
      <UniqueIdentifier>{fa2c546f-45fe-45e4-8748-16a82b4a548b}</UniqueIdentifier>
    </Filter>
    <Filter Include="Source Files\_stb">
      <UniqueIdentifier>{51f82aef-53ef-4c74-b94e-cd250c8731cc}</UniqueIdentifier>
    </Filter>
    <Filter Include="Source Files\Renderer">
      <UniqueIdentifier>{6f028283-5eb1-41f1-b7bb-8071351cdeb7}</UniqueIdentifier>
    </Filter>
    <Filter Include="Header Files\OpenGL">
      <UniqueIdentifier>{05e67289-4e1a-4d63-b4f4-acaeb35a5720}</UniqueIdentifier>
    </Filter>
    <Filter Include="Source Files\Entity\Component">
      <UniqueIdentifier>{f53d1dbb-e88d-4add-85c6-b19f3e51abc8}</UniqueIdentifier>
    </Filter>
    <Filter Include="Source Files\Renderer\Primitive">
      <UniqueIdentifier>{73f65c1d-5dbe-4bbf-919f-1ef7f711b136}</UniqueIdentifier>
    </Filter>
    <Filter Include="Source Files\OpenGL">
      <UniqueIdentifier>{ac6c5a0d-dfd3-44f8-ab42-a18bb0a16e39}</UniqueIdentifier>
    </Filter>
    <Filter Include="Source Files\State">
      <UniqueIdentifier>{a265db19-423f-4da3-b4bd-bfddbeb9410b}</UniqueIdentifier>
    </Filter>
    <Filter Include="Header Files\Entity\Component">
      <UniqueIdentifier>{179585a8-9923-4f49-bf0f-eba337a00b41}</UniqueIdentifier>
    </Filter>
    <Filter Include="Header Files\Renderer">
      <UniqueIdentifier>{088b4433-8651-4252-8750-082d05d678f6}</UniqueIdentifier>
    </Filter>
    <Filter Include="Header Files\Renderer\Primitive">
      <UniqueIdentifier>{d2ce33fe-db01-44ec-b100-223ea83249a0}</UniqueIdentifier>
    </Filter>
    <Filter Include="Resource Files\shader">
      <UniqueIdentifier>{5d4a22c3-08e1-47c1-aac4-84035a45ac06}</UniqueIdentifier>
    </Filter>
  </ItemGroup>
  <ItemGroup>
    <ClInclude Include="src\OpenGL\VertexArray.h">
      <Filter>Header Files\OpenGL</Filter>
    </ClInclude>
    <ClInclude Include="src\OpenGL\VertexBufferLayout.h">
      <Filter>Header Files\OpenGL</Filter>
    </ClInclude>
    <ClInclude Include="src\OpenGL\Buffer.h">
      <Filter>Header Files\OpenGL</Filter>
    </ClInclude>
    <ClInclude Include="src\State\BaseState.h">
      <Filter>Header Files\State</Filter>
    </ClInclude>
    <ClInclude Include="src\State\GameState.h">
      <Filter>Header Files\State</Filter>
    </ClInclude>
    <ClInclude Include="src\State\StateManager.h">
      <Filter>Header Files\State</Filter>
    </ClInclude>
    <ClInclude Include="src\Renderer\Primitive\Box.h">
      <Filter>Header Files\Renderer\Primitive</Filter>
    </ClInclude>
    <ClInclude Include="src\Renderer\Primitive\Plane.h">
      <Filter>Header Files\Renderer\Primitive</Filter>
    </ClInclude>
    <ClInclude Include="src\Renderer\Primitive\Square.h">
      <Filter>Header Files\Renderer\Primitive</Filter>
    </ClInclude>
    <ClInclude Include="src\Renderer\Renderer2D.h">
      <Filter>Header Files\Renderer</Filter>
    </ClInclude>
    <ClInclude Include="src\Resource\Shader.h">
      <Filter>Header Files\Resource</Filter>
    </ClInclude>
    <ClInclude Include="src\Renderer\Renderer.h">
      <Filter>Header Files\Renderer</Filter>
    </ClInclude>
    <ClInclude Include="src\Renderer\Renderer2D.cpp">
      <Filter>Source Files\Renderer</Filter>
    </ClInclude>
    <ClInclude Include="src\Resource\Texture2D.h">
      <Filter>Header Files\Resource</Filter>
    </ClInclude>
    <ClInclude Include="src\Resource\ResourceManager.h">
      <Filter>Header Files\Resource</Filter>
    </ClInclude>
    <ClInclude Include="src\Resource\Setting.h">
      <Filter>Header Files\Resource</Filter>
    </ClInclude>
    <ClInclude Include="src\Application.h">
      <Filter>Header Files</Filter>
    </ClInclude>
    <ClInclude Include="src\Util.h">
      <Filter>Header Files</Filter>
    </ClInclude>
    <ClInclude Include="src\Entity\Component\Camera.h">
      <Filter>Header Files\Entity\Component</Filter>
    </ClInclude>
    <ClInclude Include="src\Entity\Component\Components.h">
      <Filter>Header Files\Entity\Component</Filter>
    </ClInclude>
    <ClInclude Include="src\Entity\Component\Transform.h">
      <Filter>Header Files\Entity\Component</Filter>
    </ClInclude>
    <ClInclude Include="src\Entity\Entity.h">
      <Filter>Header Files\Entity</Filter>
    </ClInclude>
    <ClInclude Include="src\Entity\Component\Renderable.h">
      <Filter>Header Files\Entity\Component</Filter>
    </ClInclude>
    <ClInclude Include="src\OpenGL\Mesh.h">
      <Filter>Header Files\OpenGL</Filter>
    </ClInclude>
    <ClInclude Include="src\Entity\Component\Player.h">
      <Filter>Header Files\Entity\Component</Filter>
    </ClInclude>
    <ClInclude Include="src\Resource\Model.h">
      <Filter>Header Files\Resource</Filter>
    </ClInclude>
    <ClInclude Include="src\Entity\Component\Light.h">
      <Filter>Header Files</Filter>
    </ClInclude>
  </ItemGroup>
  <ItemGroup>
    <None Include="res\shader\3D.shader">
      <Filter>Resource Files\shader</Filter>
    </None>
    <None Include="res\shader\Basic.shader">
      <Filter>Resource Files\shader</Filter>
    </None>
    <None Include="res\shader\Texture.shader">
      <Filter>Resource Files\shader</Filter>
    </None>
  </ItemGroup>
  <ItemGroup>
    <ClCompile Include="src\State\BaseState.cpp">
      <Filter>Source Files\State</Filter>
    </ClCompile>
    <ClCompile Include="src\State\GameState.cpp">
      <Filter>Source Files\State</Filter>
    </ClCompile>
    <ClCompile Include="src\OpenGL\Buffer.cpp">
      <Filter>Source Files\OpenGL</Filter>
    </ClCompile>
    <ClCompile Include="src\Application.cpp">
      <Filter>Source Files</Filter>
    </ClCompile>
    <ClCompile Include="src\OpenGL\Mesh.cpp">
      <Filter>Source Files\OpenGL</Filter>
    </ClCompile>
    <ClCompile Include="src\Renderer\Renderer.cpp">
      <Filter>Source Files\Renderer</Filter>
    </ClCompile>
    <ClCompile Include="src\Resource\ResourceManager.cpp">
      <Filter>Source Files\Resource</Filter>
    </ClCompile>
    <ClCompile Include="src\Resource\Setting.cpp">
      <Filter>Source Files\Resource</Filter>
    </ClCompile>
    <ClCompile Include="src\Resource\Shader.cpp">
      <Filter>Source Files\Resource</Filter>
    </ClCompile>
    <ClCompile Include="src\State\StateManager.cpp">
      <Filter>Source Files\State</Filter>
    </ClCompile>
    <ClCompile Include="src\_stb\stb.cpp">
      <Filter>Source Files\_stb</Filter>
    </ClCompile>
    <ClCompile Include="src\Resource\Texture2D.cpp">
      <Filter>Source Files\Resource</Filter>
    </ClCompile>
    <ClCompile Include="src\OpenGL\VertexArray.cpp">
      <Filter>Source Files\OpenGL</Filter>
    </ClCompile>
    <ClCompile Include="src\Resource\Model.cpp">
      <Filter>Source Files\Resource</Filter>
    </ClCompile>
  </ItemGroup>
</Project>